{
  "version": 4,
  "terraform_version": "1.3.7",
  "serial": 27,
  "lineage": "24a4d798-6779-36e4-b41b-bb4b9313f9a0",
  "outputs": {},
  "resources": [
    {
      "module": "module.my_resource_group",
      "mode": "managed",
      "type": "azurerm_resource_group",
      "name": "rg",
      "provider": "module.my_resource_group.provider[\"registry.terraform.io/hashicorp/azurerm\"]",
      "instances": [
        {
          "schema_version": 0,
          "attributes": {
            "id": "/subscriptions/2832f09c-bf27-4c5b-b430-0dbc6473adb1/resourceGroups/rg-prod-Oracle-001",
            "location": "eastus",
            "managed_by": "",
            "name": "rg-prod-Oracle-001",
            "tags": null,
            "timeouts": null
          },
          "sensitive_attributes": [],
          "private": "eyJlMmJmYjczMC1lY2FhLTExZTYtOGY4OC0zNDM2M2JjN2M0YzAiOnsiY3JlYXRlIjo1NDAwMDAwMDAwMDAwLCJkZWxldGUiOjU0MDAwMDAwMDAwMDAsInJlYWQiOjMwMDAwMDAwMDAwMCwidXBkYXRlIjo1NDAwMDAwMDAwMDAwfX0="
        }
      ]
    }
  ],
  "check_results": null
}
